
Microsoft Visual Studio Solution File, Format Version 12.00
# Visual Studio Version 17
VisualStudioVersion = 17.4.33110.190
MinimumVisualStudioVersion = 10.0.40219.1
Project("{2150E333-8FDC-42A3-9474-1A3956D46DE8}") = "BuildingBlocks", "BuildingBlocks", "{561F1A00-0709-4EE9-924A-58534177D72A}"
EndProject
Project("{2150E333-8FDC-42A3-9474-1A3956D46DE8}") = "Services", "Services", "{0CFD4CD2-1586-4E32-93ED-C1D356A4E38C}"
EndProject
Project("{2150E333-8FDC-42A3-9474-1A3956D46DE8}") = "Clients", "Clients", "{D3934CAB-6B9C-4AF0-986F-7ABE8E61B60E}"
EndProject
Project("{9A19103F-16F7-4668-BE54-9A1E7A4F7556}") = "SamStore.Core", "src\BuildingBlocks\SamStore.Core\SamStore.Core.csproj", "{A22B939A-E057-4731-AFFB-C0C40FF5F3C8}"
EndProject
Project("{2150E333-8FDC-42A3-9474-1A3956D46DE8}") = "Web", "Web", "{1678FD7B-5F26-4914-8077-A37DE5C34CCF}"
EndProject
Project("{9A19103F-16F7-4668-BE54-9A1E7A4F7556}") = "SamStore.WebAPI.Core", "src\BuildingBlocks\SamStore.WebAPI.Core\SamStore.WebAPI.Core.csproj", "{B12AD5CF-D9E3-48A8-80B9-D4214528237C}"
EndProject
Project("{2150E333-8FDC-42A3-9474-1A3956D46DE8}") = "Authentication", "Authentication", "{D4F4F8D4-519A-431E-8B98-04CB4B883F7D}"
EndProject
Project("{2150E333-8FDC-42A3-9474-1A3956D46DE8}") = "Catalog", "Catalog", "{AAB413B0-FC11-4CAB-9E70-4BEC3C44FCEF}"
EndProject
Project("{2150E333-8FDC-42A3-9474-1A3956D46DE8}") = "ShoppingCart", "ShoppingCart", "{D6D055B8-5716-4DFE-8DB7-FCC5F519D060}"
EndProject
Project("{2150E333-8FDC-42A3-9474-1A3956D46DE8}") = "Costumer", "Costumer", "{656411CB-75EC-4D94-8097-4BA644F08DCC}"
EndProject
Project("{2150E333-8FDC-42A3-9474-1A3956D46DE8}") = "Order", "Order", "{03350A4E-FEAF-4C2F-BF63-2917F019E535}"
EndProject
Project("{2150E333-8FDC-42A3-9474-1A3956D46DE8}") = "Payment", "Payment", "{F2E348D3-50CD-45F3-84EB-DE6321EFAA47}"
EndProject
Project("{2150E333-8FDC-42A3-9474-1A3956D46DE8}") = "MessageBus", "MessageBus", "{FC49BBD7-69CC-4C59-882D-9C56980E219C}"
EndProject
Project("{9A19103F-16F7-4668-BE54-9A1E7A4F7556}") = "SamStore.MessageBus", "src\BuildingBlocks\MessageBus\SamStore.MessageBus\SamStore.MessageBus.csproj", "{58C8B458-D929-4835-8BE4-B55CDB3FD87F}"
EndProject
Project("{2150E333-8FDC-42A3-9474-1A3956D46DE8}") = "Store", "Store", "{DBF80D9A-961E-4910-B924-4287CC16BA4C}"
EndProject
Project("{9A19103F-16F7-4668-BE54-9A1E7A4F7556}") = "SamStore.Authentication.API", "src\Services\Store\Authentication\SamStore.Authentication.API\SamStore.Authentication.API.csproj", "{7C1FBDD5-F7F6-4AF3-ADB5-7E90823D00BF}"
EndProject
Project("{9A19103F-16F7-4668-BE54-9A1E7A4F7556}") = "SamStore.Catalog.API", "src\Services\Store\Catalog\SamStore.Catalog.API\SamStore.Catalog.API.csproj", "{0250C28C-7A3C-4DB1-8B4D-D58DD7A75797}"
EndProject
Project("{9A19103F-16F7-4668-BE54-9A1E7A4F7556}") = "SamStore.Costumer.API", "src\Services\Store\Costumer\SamStore.Costumer.API\SamStore.Costumer.API.csproj", "{E333EDF2-4C51-43F8-8A67-AE488B4B5930}"
EndProject
Project("{9A19103F-16F7-4668-BE54-9A1E7A4F7556}") = "SamStore.Costumer.Application", "src\Services\Store\Costumer\SamStore.Costumer.Application\SamStore.Costumer.Application.csproj", "{C94590A3-7947-48E9-ACD8-C27F51E26F90}"
EndProject
Project("{9A19103F-16F7-4668-BE54-9A1E7A4F7556}") = "SamStore.Costumer.Domain", "src\Services\Store\Costumer\SamStore.Costumer.Domain\SamStore.Costumer.Domain.csproj", "{6E515A21-831C-4CDA-98EE-CF95D3A2EEE2}"
EndProject
Project("{9A19103F-16F7-4668-BE54-9A1E7A4F7556}") = "SamStore.Costumer.Infrastructure", "src\Services\Store\Costumer\SamStore.Costumer.Infrastructure\SamStore.Costumer.Infrastructure.csproj", "{C8A38B6B-9637-4F02-A582-8F9576DBE036}"
EndProject
Project("{9A19103F-16F7-4668-BE54-9A1E7A4F7556}") = "SamStore.Order.API", "src\Services\Store\Order\SamStore.Order.API\SamStore.Order.API.csproj", "{1D6096AB-513E-4E93-9BDF-36ADF21714AB}"
EndProject
Project("{9A19103F-16F7-4668-BE54-9A1E7A4F7556}") = "SamStore.Payment.API", "src\Services\Store\Payment\SamStore.Payment.API\SamStore.Payment.API.csproj", "{25C6A901-A9DE-4F32-9A8F-ADF2578F6500}"
EndProject
Project("{9A19103F-16F7-4668-BE54-9A1E7A4F7556}") = "SamStore.ShoppingCart.API", "src\Services\Store\ShoppingCart\SamStore.ShoppingCart.API\SamStore.ShoppingCart.API.csproj", "{364A0A32-5F1A-473F-BF18-B3E7913DCB23}"
EndProject
Project("{9A19103F-16F7-4668-BE54-9A1E7A4F7556}") = "SamStore.ShoppingCart.Application", "src\Services\Store\ShoppingCart\SamStore.ShoppingCart.Application\SamStore.ShoppingCart.Application.csproj", "{665DD883-1FF9-4F02-84AD-DCBD3D1175EF}"
EndProject
Project("{9A19103F-16F7-4668-BE54-9A1E7A4F7556}") = "SamStore.ShoppingCart.Infrastructure", "src\Services\Store\ShoppingCart\SamStore.ShoppingCart.Infrastructure\SamStore.ShoppingCart.Infrastructure.csproj", "{86431C4C-23F6-4970-ADB4-132566B43886}"
EndProject
Project("{9A19103F-16F7-4668-BE54-9A1E7A4F7556}") = "SamStore.ShoppingCart.Domain", "src\Services\Store\ShoppingCart\SamStore.ShoppingCart.Domain\SamStore.ShoppingCart.Domain.csproj", "{60D165A5-6439-4605-8543-EEBA01DB195F}"
EndProject
Project("{2150E333-8FDC-42A3-9474-1A3956D46DE8}") = "ApiGateways", "ApiGateways", "{C4B87168-7E62-479C-9CFB-CE7FA795C934}"
EndProject
Project("{FAE04EC0-301F-11D3-BF4B-00C04F79EFBC}") = "SamStore.BFF.Orders", "src\ApiGateways\SamStore.BFF.Orders\SamStore.BFF.Orders.csproj", "{1478467B-764E-403F-BEDA-284E30E5E217}"
EndProject
Global
	GlobalSection(SolutionConfigurationPlatforms) = preSolution
		Debug|Any CPU = Debug|Any CPU
		Release|Any CPU = Release|Any CPU
	EndGlobalSection
	GlobalSection(ProjectConfigurationPlatforms) = postSolution
		{A22B939A-E057-4731-AFFB-C0C40FF5F3C8}.Debug|Any CPU.ActiveCfg = Debug|Any CPU
		{A22B939A-E057-4731-AFFB-C0C40FF5F3C8}.Debug|Any CPU.Build.0 = Debug|Any CPU
		{A22B939A-E057-4731-AFFB-C0C40FF5F3C8}.Release|Any CPU.ActiveCfg = Release|Any CPU
		{A22B939A-E057-4731-AFFB-C0C40FF5F3C8}.Release|Any CPU.Build.0 = Release|Any CPU
		{B12AD5CF-D9E3-48A8-80B9-D4214528237C}.Debug|Any CPU.ActiveCfg = Debug|Any CPU
		{B12AD5CF-D9E3-48A8-80B9-D4214528237C}.Debug|Any CPU.Build.0 = Debug|Any CPU
		{B12AD5CF-D9E3-48A8-80B9-D4214528237C}.Release|Any CPU.ActiveCfg = Release|Any CPU
		{B12AD5CF-D9E3-48A8-80B9-D4214528237C}.Release|Any CPU.Build.0 = Release|Any CPU
		{58C8B458-D929-4835-8BE4-B55CDB3FD87F}.Debug|Any CPU.ActiveCfg = Debug|Any CPU
		{58C8B458-D929-4835-8BE4-B55CDB3FD87F}.Debug|Any CPU.Build.0 = Debug|Any CPU
		{58C8B458-D929-4835-8BE4-B55CDB3FD87F}.Release|Any CPU.ActiveCfg = Release|Any CPU
		{58C8B458-D929-4835-8BE4-B55CDB3FD87F}.Release|Any CPU.Build.0 = Release|Any CPU
		{7C1FBDD5-F7F6-4AF3-ADB5-7E90823D00BF}.Debug|Any CPU.ActiveCfg = Debug|Any CPU
		{7C1FBDD5-F7F6-4AF3-ADB5-7E90823D00BF}.Debug|Any CPU.Build.0 = Debug|Any CPU
		{7C1FBDD5-F7F6-4AF3-ADB5-7E90823D00BF}.Release|Any CPU.ActiveCfg = Release|Any CPU
		{7C1FBDD5-F7F6-4AF3-ADB5-7E90823D00BF}.Release|Any CPU.Build.0 = Release|Any CPU
		{0250C28C-7A3C-4DB1-8B4D-D58DD7A75797}.Debug|Any CPU.ActiveCfg = Debug|Any CPU
		{0250C28C-7A3C-4DB1-8B4D-D58DD7A75797}.Debug|Any CPU.Build.0 = Debug|Any CPU
		{0250C28C-7A3C-4DB1-8B4D-D58DD7A75797}.Release|Any CPU.ActiveCfg = Release|Any CPU
		{0250C28C-7A3C-4DB1-8B4D-D58DD7A75797}.Release|Any CPU.Build.0 = Release|Any CPU
		{E333EDF2-4C51-43F8-8A67-AE488B4B5930}.Debug|Any CPU.ActiveCfg = Debug|Any CPU
		{E333EDF2-4C51-43F8-8A67-AE488B4B5930}.Debug|Any CPU.Build.0 = Debug|Any CPU
		{E333EDF2-4C51-43F8-8A67-AE488B4B5930}.Release|Any CPU.ActiveCfg = Release|Any CPU
		{E333EDF2-4C51-43F8-8A67-AE488B4B5930}.Release|Any CPU.Build.0 = Release|Any CPU
		{C94590A3-7947-48E9-ACD8-C27F51E26F90}.Debug|Any CPU.ActiveCfg = Debug|Any CPU
		{C94590A3-7947-48E9-ACD8-C27F51E26F90}.Debug|Any CPU.Build.0 = Debug|Any CPU
		{C94590A3-7947-48E9-ACD8-C27F51E26F90}.Release|Any CPU.ActiveCfg = Release|Any CPU
		{C94590A3-7947-48E9-ACD8-C27F51E26F90}.Release|Any CPU.Build.0 = Release|Any CPU
		{6E515A21-831C-4CDA-98EE-CF95D3A2EEE2}.Debug|Any CPU.ActiveCfg = Debug|Any CPU
		{6E515A21-831C-4CDA-98EE-CF95D3A2EEE2}.Debug|Any CPU.Build.0 = Debug|Any CPU
		{6E515A21-831C-4CDA-98EE-CF95D3A2EEE2}.Release|Any CPU.ActiveCfg = Release|Any CPU
		{6E515A21-831C-4CDA-98EE-CF95D3A2EEE2}.Release|Any CPU.Build.0 = Release|Any CPU
		{C8A38B6B-9637-4F02-A582-8F9576DBE036}.Debug|Any CPU.ActiveCfg = Debug|Any CPU
		{C8A38B6B-9637-4F02-A582-8F9576DBE036}.Debug|Any CPU.Build.0 = Debug|Any CPU
		{C8A38B6B-9637-4F02-A582-8F9576DBE036}.Release|Any CPU.ActiveCfg = Release|Any CPU
		{C8A38B6B-9637-4F02-A582-8F9576DBE036}.Release|Any CPU.Build.0 = Release|Any CPU
		{1D6096AB-513E-4E93-9BDF-36ADF21714AB}.Debug|Any CPU.ActiveCfg = Debug|Any CPU
		{1D6096AB-513E-4E93-9BDF-36ADF21714AB}.Debug|Any CPU.Build.0 = Debug|Any CPU
		{1D6096AB-513E-4E93-9BDF-36ADF21714AB}.Release|Any CPU.ActiveCfg = Release|Any CPU
		{1D6096AB-513E-4E93-9BDF-36ADF21714AB}.Release|Any CPU.Build.0 = Release|Any CPU
		{25C6A901-A9DE-4F32-9A8F-ADF2578F6500}.Debug|Any CPU.ActiveCfg = Debug|Any CPU
		{25C6A901-A9DE-4F32-9A8F-ADF2578F6500}.Debug|Any CPU.Build.0 = Debug|Any CPU
		{25C6A901-A9DE-4F32-9A8F-ADF2578F6500}.Release|Any CPU.ActiveCfg = Release|Any CPU
		{25C6A901-A9DE-4F32-9A8F-ADF2578F6500}.Release|Any CPU.Build.0 = Release|Any CPU
		{364A0A32-5F1A-473F-BF18-B3E7913DCB23}.Debug|Any CPU.ActiveCfg = Debug|Any CPU
		{364A0A32-5F1A-473F-BF18-B3E7913DCB23}.Debug|Any CPU.Build.0 = Debug|Any CPU
		{364A0A32-5F1A-473F-BF18-B3E7913DCB23}.Release|Any CPU.ActiveCfg = Release|Any CPU
		{364A0A32-5F1A-473F-BF18-B3E7913DCB23}.Release|Any CPU.Build.0 = Release|Any CPU
		{665DD883-1FF9-4F02-84AD-DCBD3D1175EF}.Debug|Any CPU.ActiveCfg = Debug|Any CPU
		{665DD883-1FF9-4F02-84AD-DCBD3D1175EF}.Debug|Any CPU.Build.0 = Debug|Any CPU
		{665DD883-1FF9-4F02-84AD-DCBD3D1175EF}.Release|Any CPU.ActiveCfg = Release|Any CPU
		{665DD883-1FF9-4F02-84AD-DCBD3D1175EF}.Release|Any CPU.Build.0 = Release|Any CPU
		{86431C4C-23F6-4970-ADB4-132566B43886}.Debug|Any CPU.ActiveCfg = Debug|Any CPU
		{86431C4C-23F6-4970-ADB4-132566B43886}.Debug|Any CPU.Build.0 = Debug|Any CPU
		{86431C4C-23F6-4970-ADB4-132566B43886}.Release|Any CPU.ActiveCfg = Release|Any CPU
		{86431C4C-23F6-4970-ADB4-132566B43886}.Release|Any CPU.Build.0 = Release|Any CPU
		{60D165A5-6439-4605-8543-EEBA01DB195F}.Debug|Any CPU.ActiveCfg = Debug|Any CPU
		{60D165A5-6439-4605-8543-EEBA01DB195F}.Debug|Any CPU.Build.0 = Debug|Any CPU
		{60D165A5-6439-4605-8543-EEBA01DB195F}.Release|Any CPU.ActiveCfg = Release|Any CPU
		{60D165A5-6439-4605-8543-EEBA01DB195F}.Release|Any CPU.Build.0 = Release|Any CPU
		{1478467B-764E-403F-BEDA-284E30E5E217}.Debug|Any CPU.ActiveCfg = Debug|Any CPU
		{1478467B-764E-403F-BEDA-284E30E5E217}.Debug|Any CPU.Build.0 = Debug|Any CPU
		{1478467B-764E-403F-BEDA-284E30E5E217}.Release|Any CPU.ActiveCfg = Release|Any CPU
		{1478467B-764E-403F-BEDA-284E30E5E217}.Release|Any CPU.Build.0 = Release|Any CPU
	EndGlobalSection
	GlobalSection(SolutionProperties) = preSolution
		HideSolutionNode = FALSE
	EndGlobalSection
	GlobalSection(NestedProjects) = preSolution
		{A22B939A-E057-4731-AFFB-C0C40FF5F3C8} = {561F1A00-0709-4EE9-924A-58534177D72A}
		{1678FD7B-5F26-4914-8077-A37DE5C34CCF} = {D3934CAB-6B9C-4AF0-986F-7ABE8E61B60E}
		{B12AD5CF-D9E3-48A8-80B9-D4214528237C} = {561F1A00-0709-4EE9-924A-58534177D72A}
		{D4F4F8D4-519A-431E-8B98-04CB4B883F7D} = {DBF80D9A-961E-4910-B924-4287CC16BA4C}
		{AAB413B0-FC11-4CAB-9E70-4BEC3C44FCEF} = {DBF80D9A-961E-4910-B924-4287CC16BA4C}
		{D6D055B8-5716-4DFE-8DB7-FCC5F519D060} = {DBF80D9A-961E-4910-B924-4287CC16BA4C}
		{656411CB-75EC-4D94-8097-4BA644F08DCC} = {DBF80D9A-961E-4910-B924-4287CC16BA4C}
		{03350A4E-FEAF-4C2F-BF63-2917F019E535} = {DBF80D9A-961E-4910-B924-4287CC16BA4C}
		{F2E348D3-50CD-45F3-84EB-DE6321EFAA47} = {DBF80D9A-961E-4910-B924-4287CC16BA4C}
		{FC49BBD7-69CC-4C59-882D-9C56980E219C} = {561F1A00-0709-4EE9-924A-58534177D72A}
		{58C8B458-D929-4835-8BE4-B55CDB3FD87F} = {FC49BBD7-69CC-4C59-882D-9C56980E219C}
		{DBF80D9A-961E-4910-B924-4287CC16BA4C} = {0CFD4CD2-1586-4E32-93ED-C1D356A4E38C}
		{7C1FBDD5-F7F6-4AF3-ADB5-7E90823D00BF} = {D4F4F8D4-519A-431E-8B98-04CB4B883F7D}
		{0250C28C-7A3C-4DB1-8B4D-D58DD7A75797} = {AAB413B0-FC11-4CAB-9E70-4BEC3C44FCEF}
		{E333EDF2-4C51-43F8-8A67-AE488B4B5930} = {656411CB-75EC-4D94-8097-4BA644F08DCC}
		{C94590A3-7947-48E9-ACD8-C27F51E26F90} = {656411CB-75EC-4D94-8097-4BA644F08DCC}
		{6E515A21-831C-4CDA-98EE-CF95D3A2EEE2} = {656411CB-75EC-4D94-8097-4BA644F08DCC}
		{C8A38B6B-9637-4F02-A582-8F9576DBE036} = {656411CB-75EC-4D94-8097-4BA644F08DCC}
		{1D6096AB-513E-4E93-9BDF-36ADF21714AB} = {03350A4E-FEAF-4C2F-BF63-2917F019E535}
		{25C6A901-A9DE-4F32-9A8F-ADF2578F6500} = {F2E348D3-50CD-45F3-84EB-DE6321EFAA47}
		{364A0A32-5F1A-473F-BF18-B3E7913DCB23} = {D6D055B8-5716-4DFE-8DB7-FCC5F519D060}
		{665DD883-1FF9-4F02-84AD-DCBD3D1175EF} = {D6D055B8-5716-4DFE-8DB7-FCC5F519D060}
		{86431C4C-23F6-4970-ADB4-132566B43886} = {D6D055B8-5716-4DFE-8DB7-FCC5F519D060}
		{60D165A5-6439-4605-8543-EEBA01DB195F} = {D6D055B8-5716-4DFE-8DB7-FCC5F519D060}
		{1478467B-764E-403F-BEDA-284E30E5E217} = {C4B87168-7E62-479C-9CFB-CE7FA795C934}
	EndGlobalSection
	GlobalSection(ExtensibilityGlobals) = postSolution
		SolutionGuid = {DC44D549-4D22-4C8A-AB48-25643068B33C}
	EndGlobalSection
EndGlobal
