
Microsoft Visual Studio Solution File, Format Version 12.00
# Visual Studio Version 17
VisualStudioVersion = 17.4.33110.190
MinimumVisualStudioVersion = 10.0.40219.1
Project("{2150E333-8FDC-42A3-9474-1A3956D46DE8}") = "BuildingBlocks", "BuildingBlocks", "{561F1A00-0709-4EE9-924A-58534177D72A}"
EndProject
Project("{2150E333-8FDC-42A3-9474-1A3956D46DE8}") = "Services", "Services", "{0CFD4CD2-1586-4E32-93ED-C1D356A4E38C}"
EndProject
Project("{2150E333-8FDC-42A3-9474-1A3956D46DE8}") = "Clients", "Clients", "{D3934CAB-6B9C-4AF0-986F-7ABE8E61B60E}"
EndProject
Project("{9A19103F-16F7-4668-BE54-9A1E7A4F7556}") = "SamStore.Core", "src\BuildingBlocks\SamStore.Core\SamStore.Core.csproj", "{A22B939A-E057-4731-AFFB-C0C40FF5F3C8}"
EndProject
Project("{2150E333-8FDC-42A3-9474-1A3956D46DE8}") = "Web", "Web", "{1678FD7B-5F26-4914-8077-A37DE5C34CCF}"
EndProject
Project("{2150E333-8FDC-42A3-9474-1A3956D46DE8}") = "Solution Items", "Solution Items", "{31C88500-3F87-4A3A-B16D-2329778D1A75}"
	ProjectSection(SolutionItems) = preProject
		.editorconfig = .editorconfig
	EndProjectSection
EndProject
Project("{9A19103F-16F7-4668-BE54-9A1E7A4F7556}") = "SamStore.WebAPI.Core", "src\BuildingBlocks\SamStore.WebAPI.Core\SamStore.WebAPI.Core.csproj", "{B12AD5CF-D9E3-48A8-80B9-D4214528237C}"
EndProject
Project("{2150E333-8FDC-42A3-9474-1A3956D46DE8}") = "Authentication", "Authentication", "{D4F4F8D4-519A-431E-8B98-04CB4B883F7D}"
EndProject
Project("{9A19103F-16F7-4668-BE54-9A1E7A4F7556}") = "SamStore.Authentication.API", "src\Services\Authentication\SamStore.Authentication.API\SamStore.Authentication.API.csproj", "{9A441B86-C078-43C3-943A-29E63923D85D}"
EndProject
Project("{2150E333-8FDC-42A3-9474-1A3956D46DE8}") = "Catalog", "Catalog", "{AAB413B0-FC11-4CAB-9E70-4BEC3C44FCEF}"
EndProject
Project("{9A19103F-16F7-4668-BE54-9A1E7A4F7556}") = "SamStore.Catalog.API", "src\Services\Catalog\SamStore.Catalog.API\SamStore.Catalog.API.csproj", "{34A47B40-8836-4CEF-9413-4CC9B4868EBA}"
EndProject
Project("{2150E333-8FDC-42A3-9474-1A3956D46DE8}") = "ShoppingCart", "ShoppingCart", "{D6D055B8-5716-4DFE-8DB7-FCC5F519D060}"
EndProject
Project("{9A19103F-16F7-4668-BE54-9A1E7A4F7556}") = "SamStore.ShoppingCart.API", "src\Services\ShoppingCart\SamStore.ShoppingCart.API\SamStore.ShoppingCart.API.csproj", "{A07710ED-BE50-4E0A-BCF9-7BA6FBFD50DC}"
EndProject
Project("{2150E333-8FDC-42A3-9474-1A3956D46DE8}") = "Costumer", "Costumer", "{656411CB-75EC-4D94-8097-4BA644F08DCC}"
EndProject
Project("{9A19103F-16F7-4668-BE54-9A1E7A4F7556}") = "SamStore.Costumer.API", "src\Services\Costumer\SamStore.Costumer.API\SamStore.Costumer.API.csproj", "{D7C25E50-514B-47D0-ABC5-5B0DA0714596}"
EndProject
Project("{9A19103F-16F7-4668-BE54-9A1E7A4F7556}") = "SamStore.Costumer.Application", "src\Services\Costumer\SamStore.Costumer.Application\SamStore.Costumer.Application.csproj", "{88E6D8F6-CC4F-4230-AB84-FC6FA84883B9}"
EndProject
Project("{9A19103F-16F7-4668-BE54-9A1E7A4F7556}") = "SamStore.Costumer.Domain", "src\Services\Costumer\SamStore.Costumer.Domain\SamStore.Costumer.Domain.csproj", "{B6C957BB-2903-4DCE-A643-7161E332F50D}"
EndProject
Project("{9A19103F-16F7-4668-BE54-9A1E7A4F7556}") = "SamStore.Costumer.Infrastructure", "src\Services\Costumer\SamStore.Costumer.Infrastructure\SamStore.Costumer.Infrastructure.csproj", "{E3B8CE28-CF03-4A41-8C22-51E9CB2E847E}"
EndProject
Project("{2150E333-8FDC-42A3-9474-1A3956D46DE8}") = "Order", "Order", "{03350A4E-FEAF-4C2F-BF63-2917F019E535}"
EndProject
Project("{9A19103F-16F7-4668-BE54-9A1E7A4F7556}") = "SamStore.Order.API", "src\Services\Order\SamStore.Order.API\SamStore.Order.API.csproj", "{0DD3A569-8E1C-4E89-B6D5-D5608185579C}"
EndProject
Project("{2150E333-8FDC-42A3-9474-1A3956D46DE8}") = "Payment", "Payment", "{F2E348D3-50CD-45F3-84EB-DE6321EFAA47}"
EndProject
Project("{9A19103F-16F7-4668-BE54-9A1E7A4F7556}") = "SamStore.Payment.API", "src\Services\Payment\SamStore.Payment.API\SamStore.Payment.API.csproj", "{8F55114B-9EFD-462C-B8B0-4D4CA313C1BC}"
EndProject
Global
	GlobalSection(SolutionConfigurationPlatforms) = preSolution
		Debug|Any CPU = Debug|Any CPU
		Release|Any CPU = Release|Any CPU
	EndGlobalSection
	GlobalSection(ProjectConfigurationPlatforms) = postSolution
		{A22B939A-E057-4731-AFFB-C0C40FF5F3C8}.Debug|Any CPU.ActiveCfg = Debug|Any CPU
		{A22B939A-E057-4731-AFFB-C0C40FF5F3C8}.Debug|Any CPU.Build.0 = Debug|Any CPU
		{A22B939A-E057-4731-AFFB-C0C40FF5F3C8}.Release|Any CPU.ActiveCfg = Release|Any CPU
		{A22B939A-E057-4731-AFFB-C0C40FF5F3C8}.Release|Any CPU.Build.0 = Release|Any CPU
		{B12AD5CF-D9E3-48A8-80B9-D4214528237C}.Debug|Any CPU.ActiveCfg = Debug|Any CPU
		{B12AD5CF-D9E3-48A8-80B9-D4214528237C}.Debug|Any CPU.Build.0 = Debug|Any CPU
		{B12AD5CF-D9E3-48A8-80B9-D4214528237C}.Release|Any CPU.ActiveCfg = Release|Any CPU
		{B12AD5CF-D9E3-48A8-80B9-D4214528237C}.Release|Any CPU.Build.0 = Release|Any CPU
		{9A441B86-C078-43C3-943A-29E63923D85D}.Debug|Any CPU.ActiveCfg = Debug|Any CPU
		{9A441B86-C078-43C3-943A-29E63923D85D}.Debug|Any CPU.Build.0 = Debug|Any CPU
		{9A441B86-C078-43C3-943A-29E63923D85D}.Release|Any CPU.ActiveCfg = Release|Any CPU
		{9A441B86-C078-43C3-943A-29E63923D85D}.Release|Any CPU.Build.0 = Release|Any CPU
		{34A47B40-8836-4CEF-9413-4CC9B4868EBA}.Debug|Any CPU.ActiveCfg = Debug|Any CPU
		{34A47B40-8836-4CEF-9413-4CC9B4868EBA}.Debug|Any CPU.Build.0 = Debug|Any CPU
		{34A47B40-8836-4CEF-9413-4CC9B4868EBA}.Release|Any CPU.ActiveCfg = Release|Any CPU
		{34A47B40-8836-4CEF-9413-4CC9B4868EBA}.Release|Any CPU.Build.0 = Release|Any CPU
		{A07710ED-BE50-4E0A-BCF9-7BA6FBFD50DC}.Debug|Any CPU.ActiveCfg = Debug|Any CPU
		{A07710ED-BE50-4E0A-BCF9-7BA6FBFD50DC}.Debug|Any CPU.Build.0 = Debug|Any CPU
		{A07710ED-BE50-4E0A-BCF9-7BA6FBFD50DC}.Release|Any CPU.ActiveCfg = Release|Any CPU
		{A07710ED-BE50-4E0A-BCF9-7BA6FBFD50DC}.Release|Any CPU.Build.0 = Release|Any CPU
		{D7C25E50-514B-47D0-ABC5-5B0DA0714596}.Debug|Any CPU.ActiveCfg = Debug|Any CPU
		{D7C25E50-514B-47D0-ABC5-5B0DA0714596}.Debug|Any CPU.Build.0 = Debug|Any CPU
		{D7C25E50-514B-47D0-ABC5-5B0DA0714596}.Release|Any CPU.ActiveCfg = Release|Any CPU
		{D7C25E50-514B-47D0-ABC5-5B0DA0714596}.Release|Any CPU.Build.0 = Release|Any CPU
		{88E6D8F6-CC4F-4230-AB84-FC6FA84883B9}.Debug|Any CPU.ActiveCfg = Debug|Any CPU
		{88E6D8F6-CC4F-4230-AB84-FC6FA84883B9}.Debug|Any CPU.Build.0 = Debug|Any CPU
		{88E6D8F6-CC4F-4230-AB84-FC6FA84883B9}.Release|Any CPU.ActiveCfg = Release|Any CPU
		{88E6D8F6-CC4F-4230-AB84-FC6FA84883B9}.Release|Any CPU.Build.0 = Release|Any CPU
		{B6C957BB-2903-4DCE-A643-7161E332F50D}.Debug|Any CPU.ActiveCfg = Debug|Any CPU
		{B6C957BB-2903-4DCE-A643-7161E332F50D}.Debug|Any CPU.Build.0 = Debug|Any CPU
		{B6C957BB-2903-4DCE-A643-7161E332F50D}.Release|Any CPU.ActiveCfg = Release|Any CPU
		{B6C957BB-2903-4DCE-A643-7161E332F50D}.Release|Any CPU.Build.0 = Release|Any CPU
		{E3B8CE28-CF03-4A41-8C22-51E9CB2E847E}.Debug|Any CPU.ActiveCfg = Debug|Any CPU
		{E3B8CE28-CF03-4A41-8C22-51E9CB2E847E}.Debug|Any CPU.Build.0 = Debug|Any CPU
		{E3B8CE28-CF03-4A41-8C22-51E9CB2E847E}.Release|Any CPU.ActiveCfg = Release|Any CPU
		{E3B8CE28-CF03-4A41-8C22-51E9CB2E847E}.Release|Any CPU.Build.0 = Release|Any CPU
		{0DD3A569-8E1C-4E89-B6D5-D5608185579C}.Debug|Any CPU.ActiveCfg = Debug|Any CPU
		{0DD3A569-8E1C-4E89-B6D5-D5608185579C}.Debug|Any CPU.Build.0 = Debug|Any CPU
		{0DD3A569-8E1C-4E89-B6D5-D5608185579C}.Release|Any CPU.ActiveCfg = Release|Any CPU
		{0DD3A569-8E1C-4E89-B6D5-D5608185579C}.Release|Any CPU.Build.0 = Release|Any CPU
		{8F55114B-9EFD-462C-B8B0-4D4CA313C1BC}.Debug|Any CPU.ActiveCfg = Debug|Any CPU
		{8F55114B-9EFD-462C-B8B0-4D4CA313C1BC}.Debug|Any CPU.Build.0 = Debug|Any CPU
		{8F55114B-9EFD-462C-B8B0-4D4CA313C1BC}.Release|Any CPU.ActiveCfg = Release|Any CPU
		{8F55114B-9EFD-462C-B8B0-4D4CA313C1BC}.Release|Any CPU.Build.0 = Release|Any CPU
	EndGlobalSection
	GlobalSection(SolutionProperties) = preSolution
		HideSolutionNode = FALSE
	EndGlobalSection
	GlobalSection(NestedProjects) = preSolution
		{A22B939A-E057-4731-AFFB-C0C40FF5F3C8} = {561F1A00-0709-4EE9-924A-58534177D72A}
		{1678FD7B-5F26-4914-8077-A37DE5C34CCF} = {D3934CAB-6B9C-4AF0-986F-7ABE8E61B60E}
		{B12AD5CF-D9E3-48A8-80B9-D4214528237C} = {561F1A00-0709-4EE9-924A-58534177D72A}
		{D4F4F8D4-519A-431E-8B98-04CB4B883F7D} = {0CFD4CD2-1586-4E32-93ED-C1D356A4E38C}
		{9A441B86-C078-43C3-943A-29E63923D85D} = {D4F4F8D4-519A-431E-8B98-04CB4B883F7D}
		{AAB413B0-FC11-4CAB-9E70-4BEC3C44FCEF} = {0CFD4CD2-1586-4E32-93ED-C1D356A4E38C}
		{34A47B40-8836-4CEF-9413-4CC9B4868EBA} = {AAB413B0-FC11-4CAB-9E70-4BEC3C44FCEF}
		{D6D055B8-5716-4DFE-8DB7-FCC5F519D060} = {0CFD4CD2-1586-4E32-93ED-C1D356A4E38C}
		{A07710ED-BE50-4E0A-BCF9-7BA6FBFD50DC} = {D6D055B8-5716-4DFE-8DB7-FCC5F519D060}
		{656411CB-75EC-4D94-8097-4BA644F08DCC} = {0CFD4CD2-1586-4E32-93ED-C1D356A4E38C}
		{D7C25E50-514B-47D0-ABC5-5B0DA0714596} = {656411CB-75EC-4D94-8097-4BA644F08DCC}
		{88E6D8F6-CC4F-4230-AB84-FC6FA84883B9} = {656411CB-75EC-4D94-8097-4BA644F08DCC}
		{B6C957BB-2903-4DCE-A643-7161E332F50D} = {656411CB-75EC-4D94-8097-4BA644F08DCC}
		{E3B8CE28-CF03-4A41-8C22-51E9CB2E847E} = {656411CB-75EC-4D94-8097-4BA644F08DCC}
		{03350A4E-FEAF-4C2F-BF63-2917F019E535} = {0CFD4CD2-1586-4E32-93ED-C1D356A4E38C}
		{0DD3A569-8E1C-4E89-B6D5-D5608185579C} = {03350A4E-FEAF-4C2F-BF63-2917F019E535}
		{F2E348D3-50CD-45F3-84EB-DE6321EFAA47} = {0CFD4CD2-1586-4E32-93ED-C1D356A4E38C}
		{8F55114B-9EFD-462C-B8B0-4D4CA313C1BC} = {F2E348D3-50CD-45F3-84EB-DE6321EFAA47}
	EndGlobalSection
	GlobalSection(ExtensibilityGlobals) = postSolution
		SolutionGuid = {DC44D549-4D22-4C8A-AB48-25643068B33C}
	EndGlobalSection
EndGlobal
